Microsoft Visual Studio Solution File, Format Version 12.00
# Visual Studio 15
VisualStudioVersion = 15.0.26124.0
MinimumVisualStudioVersion = 15.0.26124.0
Project("{9A19103F-16F7-4668-BE54-9A1E7A4F7556}") = "NT_WebApp", "NT_WebApp\NT_WebApp.csproj", "{13B45D87-6F8C-4E71-B410-5A80D1D769C9}"
EndProject
Project("{9A19103F-16F7-4668-BE54-9A1E7A4F7556}") = "NT_Test", "NT_Test\NT_Test.csproj", "{B2A30C7C-FC16-4ED0-B516-E59C2DFB75EB}"
EndProject
Project("{9A19103F-16F7-4668-BE54-9A1E7A4F7556}") = "NT_MQConsumer", "NT_MQConsumer\NT_MQConsumer.csproj", "{0B91B7C2-465C-4651-BEC0-56E6B4A62723}"
EndProject
Project("{9A19103F-16F7-4668-BE54-9A1E7A4F7556}") = "NT_WeChatUtilities", "NT_WeChatUtilities\NT_WeChatUtilities.csproj", "{7AED4259-A548-487A-8CF3-046F37E04F5E}"
EndProject
Project("{9A19103F-16F7-4668-BE54-9A1E7A4F7556}") = "NT_Common", "NT_Common\NT_Common.csproj", "{1EBF72AE-1222-476A-96E2-105E85DE7167}"
EndProject
Project("{9A19103F-16F7-4668-BE54-9A1E7A4F7556}") = "NT_MQPublisher", "NT_MQPublisher\NT_MQPublisher.csproj", "{F6EAD849-FB65-46AA-9DEB-E7D0B50068FD}"
EndProject
Project("{9A19103F-16F7-4668-BE54-9A1E7A4F7556}") = "NT_Cache", "NT_Cache\NT_Cache.csproj", "{D727E5D5-5E9F-4311-A474-54173AF7125D}"
EndProject
Project("{9A19103F-16F7-4668-BE54-9A1E7A4F7556}") = "NT_Database", "NT_Database\NT_Database.csproj", "{2BDC5A24-6A44-4520-931F-33E2AA509C72}"
EndProject
Project("{9A19103F-16F7-4668-BE54-9A1E7A4F7556}") = "NT_Model", "NT_Model\NT_Model.csproj", "{7FD43433-5DA7-48E2-9B18-705F55956F54}"
EndProject
Project("{9A19103F-16F7-4668-BE54-9A1E7A4F7556}") = "NT_CommonConfig", "NT_CommonConfig\NT_CommonConfig.csproj", "{3FE807FF-8403-47DE-B9CC-C1B268933B10}"
EndProject
Project("{9A19103F-16F7-4668-BE54-9A1E7A4F7556}") = "NT_Auth", "NT_Auth\NT_Auth.csproj", "{485584AA-A5E2-4818-AF2C-B36FA5542698}"
EndProject
Project("{E53339B2-1760-4266-BCC7-CA923CBCF16C}") = "docker-compose", "docker-compose.dcproj", "{F276DDD3-A4F9-4A2F-8A6C-AE01F192939C}"
EndProject
Project("{FAE04EC0-301F-11D3-BF4B-00C04F79EFBC}") = "NT_DockerConfig", "NT_DockerConfig\NT_DockerConfig.csproj", "{35260126-1C09-47F8-92B6-96B373C42F39}"
EndProject
Global
	GlobalSection(SolutionConfigurationPlatforms) = preSolution
		Debug|Any CPU = Debug|Any CPU
		Debug|x64 = Debug|x64
		Debug|x86 = Debug|x86
		Release|Any CPU = Release|Any CPU
		Release|x64 = Release|x64
		Release|x86 = Release|x86
	EndGlobalSection
	GlobalSection(ProjectConfigurationPlatforms) = postSolution
		{13B45D87-6F8C-4E71-B410-5A80D1D769C9}.Debug|Any CPU.ActiveCfg = Debug|Any CPU
		{13B45D87-6F8C-4E71-B410-5A80D1D769C9}.Debug|Any CPU.Build.0 = Debug|Any CPU
		{13B45D87-6F8C-4E71-B410-5A80D1D769C9}.Debug|x64.ActiveCfg = Debug|Any CPU
		{13B45D87-6F8C-4E71-B410-5A80D1D769C9}.Debug|x64.Build.0 = Debug|Any CPU
		{13B45D87-6F8C-4E71-B410-5A80D1D769C9}.Debug|x86.ActiveCfg = Debug|Any CPU
		{13B45D87-6F8C-4E71-B410-5A80D1D769C9}.Debug|x86.Build.0 = Debug|Any CPU
		{13B45D87-6F8C-4E71-B410-5A80D1D769C9}.Release|Any CPU.ActiveCfg = Release|Any CPU
		{13B45D87-6F8C-4E71-B410-5A80D1D769C9}.Release|Any CPU.Build.0 = Release|Any CPU
		{13B45D87-6F8C-4E71-B410-5A80D1D769C9}.Release|x64.ActiveCfg = Release|Any CPU
		{13B45D87-6F8C-4E71-B410-5A80D1D769C9}.Release|x64.Build.0 = Release|Any CPU
		{13B45D87-6F8C-4E71-B410-5A80D1D769C9}.Release|x86.ActiveCfg = Release|Any CPU
		{13B45D87-6F8C-4E71-B410-5A80D1D769C9}.Release|x86.Build.0 = Release|Any CPU
		{B2A30C7C-FC16-4ED0-B516-E59C2DFB75EB}.Debug|Any CPU.ActiveCfg = Debug|Any CPU
		{B2A30C7C-FC16-4ED0-B516-E59C2DFB75EB}.Debug|Any CPU.Build.0 = Debug|Any CPU
		{B2A30C7C-FC16-4ED0-B516-E59C2DFB75EB}.Debug|x64.ActiveCfg = Debug|Any CPU
		{B2A30C7C-FC16-4ED0-B516-E59C2DFB75EB}.Debug|x64.Build.0 = Debug|Any CPU
		{B2A30C7C-FC16-4ED0-B516-E59C2DFB75EB}.Debug|x86.ActiveCfg = Debug|Any CPU
		{B2A30C7C-FC16-4ED0-B516-E59C2DFB75EB}.Debug|x86.Build.0 = Debug|Any CPU
		{B2A30C7C-FC16-4ED0-B516-E59C2DFB75EB}.Release|Any CPU.ActiveCfg = Release|Any CPU
		{B2A30C7C-FC16-4ED0-B516-E59C2DFB75EB}.Release|Any CPU.Build.0 = Release|Any CPU
		{B2A30C7C-FC16-4ED0-B516-E59C2DFB75EB}.Release|x64.ActiveCfg = Release|Any CPU
		{B2A30C7C-FC16-4ED0-B516-E59C2DFB75EB}.Release|x64.Build.0 = Release|Any CPU
		{B2A30C7C-FC16-4ED0-B516-E59C2DFB75EB}.Release|x86.ActiveCfg = Release|Any CPU
		{B2A30C7C-FC16-4ED0-B516-E59C2DFB75EB}.Release|x86.Build.0 = Release|Any CPU
		{0B91B7C2-465C-4651-BEC0-56E6B4A62723}.Debug|Any CPU.ActiveCfg = Debug|Any CPU
		{0B91B7C2-465C-4651-BEC0-56E6B4A62723}.Debug|Any CPU.Build.0 = Debug|Any CPU
		{0B91B7C2-465C-4651-BEC0-56E6B4A62723}.Debug|x64.ActiveCfg = Debug|Any CPU
		{0B91B7C2-465C-4651-BEC0-56E6B4A62723}.Debug|x64.Build.0 = Debug|Any CPU
		{0B91B7C2-465C-4651-BEC0-56E6B4A62723}.Debug|x86.ActiveCfg = Debug|Any CPU
		{0B91B7C2-465C-4651-BEC0-56E6B4A62723}.Debug|x86.Build.0 = Debug|Any CPU
		{0B91B7C2-465C-4651-BEC0-56E6B4A62723}.Release|Any CPU.ActiveCfg = Release|Any CPU
		{0B91B7C2-465C-4651-BEC0-56E6B4A62723}.Release|Any CPU.Build.0 = Release|Any CPU
		{0B91B7C2-465C-4651-BEC0-56E6B4A62723}.Release|x64.ActiveCfg = Release|Any CPU
		{0B91B7C2-465C-4651-BEC0-56E6B4A62723}.Release|x64.Build.0 = Release|Any CPU
		{0B91B7C2-465C-4651-BEC0-56E6B4A62723}.Release|x86.ActiveCfg = Release|Any CPU
		{0B91B7C2-465C-4651-BEC0-56E6B4A62723}.Release|x86.Build.0 = Release|Any CPU
		{7AED4259-A548-487A-8CF3-046F37E04F5E}.Debug|Any CPU.ActiveCfg = Debug|Any CPU
		{7AED4259-A548-487A-8CF3-046F37E04F5E}.Debug|Any CPU.Build.0 = Debug|Any CPU
		{7AED4259-A548-487A-8CF3-046F37E04F5E}.Debug|x64.ActiveCfg = Debug|Any CPU
		{7AED4259-A548-487A-8CF3-046F37E04F5E}.Debug|x64.Build.0 = Debug|Any CPU
		{7AED4259-A548-487A-8CF3-046F37E04F5E}.Debug|x86.ActiveCfg = Debug|Any CPU
		{7AED4259-A548-487A-8CF3-046F37E04F5E}.Debug|x86.Build.0 = Debug|Any CPU
		{7AED4259-A548-487A-8CF3-046F37E04F5E}.Release|Any CPU.ActiveCfg = Release|Any CPU
		{7AED4259-A548-487A-8CF3-046F37E04F5E}.Release|Any CPU.Build.0 = Release|Any CPU
		{7AED4259-A548-487A-8CF3-046F37E04F5E}.Release|x64.ActiveCfg = Release|Any CPU
		{7AED4259-A548-487A-8CF3-046F37E04F5E}.Release|x64.Build.0 = Release|Any CPU
		{7AED4259-A548-487A-8CF3-046F37E04F5E}.Release|x86.ActiveCfg = Release|Any CPU
		{7AED4259-A548-487A-8CF3-046F37E04F5E}.Release|x86.Build.0 = Release|Any CPU
		{1EBF72AE-1222-476A-96E2-105E85DE7167}.Debug|Any CPU.ActiveCfg = Debug|Any CPU
		{1EBF72AE-1222-476A-96E2-105E85DE7167}.Debug|Any CPU.Build.0 = Debug|Any CPU
		{1EBF72AE-1222-476A-96E2-105E85DE7167}.Debug|x64.ActiveCfg = Debug|Any CPU
		{1EBF72AE-1222-476A-96E2-105E85DE7167}.Debug|x64.Build.0 = Debug|Any CPU
		{1EBF72AE-1222-476A-96E2-105E85DE7167}.Debug|x86.ActiveCfg = Debug|Any CPU
		{1EBF72AE-1222-476A-96E2-105E85DE7167}.Debug|x86.Build.0 = Debug|Any CPU
		{1EBF72AE-1222-476A-96E2-105E85DE7167}.Release|Any CPU.ActiveCfg = Release|Any CPU
		{1EBF72AE-1222-476A-96E2-105E85DE7167}.Release|Any CPU.Build.0 = Release|Any CPU
		{1EBF72AE-1222-476A-96E2-105E85DE7167}.Release|x64.ActiveCfg = Release|Any CPU
		{1EBF72AE-1222-476A-96E2-105E85DE7167}.Release|x64.Build.0 = Release|Any CPU
		{1EBF72AE-1222-476A-96E2-105E85DE7167}.Release|x86.ActiveCfg = Release|Any CPU
		{1EBF72AE-1222-476A-96E2-105E85DE7167}.Release|x86.Build.0 = Release|Any CPU
		{F6EAD849-FB65-46AA-9DEB-E7D0B50068FD}.Debug|Any CPU.ActiveCfg = Debug|Any CPU
		{F6EAD849-FB65-46AA-9DEB-E7D0B50068FD}.Debug|Any CPU.Build.0 = Debug|Any CPU
		{F6EAD849-FB65-46AA-9DEB-E7D0B50068FD}.Debug|x64.ActiveCfg = Debug|Any CPU
		{F6EAD849-FB65-46AA-9DEB-E7D0B50068FD}.Debug|x64.Build.0 = Debug|Any CPU
		{F6EAD849-FB65-46AA-9DEB-E7D0B50068FD}.Debug|x86.ActiveCfg = Debug|Any CPU
		{F6EAD849-FB65-46AA-9DEB-E7D0B50068FD}.Debug|x86.Build.0 = Debug|Any CPU
		{F6EAD849-FB65-46AA-9DEB-E7D0B50068FD}.Release|Any CPU.ActiveCfg = Release|Any CPU
		{F6EAD849-FB65-46AA-9DEB-E7D0B50068FD}.Release|Any CPU.Build.0 = Release|Any CPU
		{F6EAD849-FB65-46AA-9DEB-E7D0B50068FD}.Release|x64.ActiveCfg = Release|Any CPU
		{F6EAD849-FB65-46AA-9DEB-E7D0B50068FD}.Release|x64.Build.0 = Release|Any CPU
		{F6EAD849-FB65-46AA-9DEB-E7D0B50068FD}.Release|x86.ActiveCfg = Release|Any CPU
		{F6EAD849-FB65-46AA-9DEB-E7D0B50068FD}.Release|x86.Build.0 = Release|Any CPU
		{D727E5D5-5E9F-4311-A474-54173AF7125D}.Debug|Any CPU.ActiveCfg = Debug|Any CPU
		{D727E5D5-5E9F-4311-A474-54173AF7125D}.Debug|Any CPU.Build.0 = Debug|Any CPU
		{D727E5D5-5E9F-4311-A474-54173AF7125D}.Debug|x64.ActiveCfg = Debug|Any CPU
		{D727E5D5-5E9F-4311-A474-54173AF7125D}.Debug|x64.Build.0 = Debug|Any CPU
		{D727E5D5-5E9F-4311-A474-54173AF7125D}.Debug|x86.ActiveCfg = Debug|Any CPU
		{D727E5D5-5E9F-4311-A474-54173AF7125D}.Debug|x86.Build.0 = Debug|Any CPU
		{D727E5D5-5E9F-4311-A474-54173AF7125D}.Release|Any CPU.ActiveCfg = Release|Any CPU
		{D727E5D5-5E9F-4311-A474-54173AF7125D}.Release|Any CPU.Build.0 = Release|Any CPU
		{D727E5D5-5E9F-4311-A474-54173AF7125D}.Release|x64.ActiveCfg = Release|Any CPU
		{D727E5D5-5E9F-4311-A474-54173AF7125D}.Release|x64.Build.0 = Release|Any CPU
		{D727E5D5-5E9F-4311-A474-54173AF7125D}.Release|x86.ActiveCfg = Release|Any CPU
		{D727E5D5-5E9F-4311-A474-54173AF7125D}.Release|x86.Build.0 = Release|Any CPU
		{2BDC5A24-6A44-4520-931F-33E2AA509C72}.Debug|Any CPU.ActiveCfg = Debug|Any CPU
		{2BDC5A24-6A44-4520-931F-33E2AA509C72}.Debug|Any CPU.Build.0 = Debug|Any CPU
		{2BDC5A24-6A44-4520-931F-33E2AA509C72}.Debug|x64.ActiveCfg = Debug|Any CPU
		{2BDC5A24-6A44-4520-931F-33E2AA509C72}.Debug|x64.Build.0 = Debug|Any CPU
		{2BDC5A24-6A44-4520-931F-33E2AA509C72}.Debug|x86.ActiveCfg = Debug|Any CPU
		{2BDC5A24-6A44-4520-931F-33E2AA509C72}.Debug|x86.Build.0 = Debug|Any CPU
		{2BDC5A24-6A44-4520-931F-33E2AA509C72}.Release|Any CPU.ActiveCfg = Release|Any CPU
		{2BDC5A24-6A44-4520-931F-33E2AA509C72}.Release|Any CPU.Build.0 = Release|Any CPU
		{2BDC5A24-6A44-4520-931F-33E2AA509C72}.Release|x64.ActiveCfg = Release|Any CPU
		{2BDC5A24-6A44-4520-931F-33E2AA509C72}.Release|x64.Build.0 = Release|Any CPU
		{2BDC5A24-6A44-4520-931F-33E2AA509C72}.Release|x86.ActiveCfg = Release|Any CPU
		{2BDC5A24-6A44-4520-931F-33E2AA509C72}.Release|x86.Build.0 = Release|Any CPU
		{7FD43433-5DA7-48E2-9B18-705F55956F54}.Debug|Any CPU.ActiveCfg = Debug|Any CPU
		{7FD43433-5DA7-48E2-9B18-705F55956F54}.Debug|Any CPU.Build.0 = Debug|Any CPU
		{7FD43433-5DA7-48E2-9B18-705F55956F54}.Debug|x64.ActiveCfg = Debug|Any CPU
		{7FD43433-5DA7-48E2-9B18-705F55956F54}.Debug|x64.Build.0 = Debug|Any CPU
		{7FD43433-5DA7-48E2-9B18-705F55956F54}.Debug|x86.ActiveCfg = Debug|Any CPU
		{7FD43433-5DA7-48E2-9B18-705F55956F54}.Debug|x86.Build.0 = Debug|Any CPU
		{7FD43433-5DA7-48E2-9B18-705F55956F54}.Release|Any CPU.ActiveCfg = Release|Any CPU
		{7FD43433-5DA7-48E2-9B18-705F55956F54}.Release|Any CPU.Build.0 = Release|Any CPU
		{7FD43433-5DA7-48E2-9B18-705F55956F54}.Release|x64.ActiveCfg = Release|Any CPU
		{7FD43433-5DA7-48E2-9B18-705F55956F54}.Release|x64.Build.0 = Release|Any CPU
		{7FD43433-5DA7-48E2-9B18-705F55956F54}.Release|x86.ActiveCfg = Release|Any CPU
		{7FD43433-5DA7-48E2-9B18-705F55956F54}.Release|x86.Build.0 = Release|Any CPU
		{3FE807FF-8403-47DE-B9CC-C1B268933B10}.Debug|Any CPU.ActiveCfg = Debug|Any CPU
		{3FE807FF-8403-47DE-B9CC-C1B268933B10}.Debug|Any CPU.Build.0 = Debug|Any CPU
		{3FE807FF-8403-47DE-B9CC-C1B268933B10}.Debug|x64.ActiveCfg = Debug|Any CPU
		{3FE807FF-8403-47DE-B9CC-C1B268933B10}.Debug|x64.Build.0 = Debug|Any CPU
		{3FE807FF-8403-47DE-B9CC-C1B268933B10}.Debug|x86.ActiveCfg = Debug|Any CPU
		{3FE807FF-8403-47DE-B9CC-C1B268933B10}.Debug|x86.Build.0 = Debug|Any CPU
		{3FE807FF-8403-47DE-B9CC-C1B268933B10}.Release|Any CPU.ActiveCfg = Release|Any CPU
		{3FE807FF-8403-47DE-B9CC-C1B268933B10}.Release|Any CPU.Build.0 = Release|Any CPU
		{3FE807FF-8403-47DE-B9CC-C1B268933B10}.Release|x64.ActiveCfg = Release|Any CPU
		{3FE807FF-8403-47DE-B9CC-C1B268933B10}.Release|x64.Build.0 = Release|Any CPU
		{3FE807FF-8403-47DE-B9CC-C1B268933B10}.Release|x86.ActiveCfg = Release|Any CPU
		{3FE807FF-8403-47DE-B9CC-C1B268933B10}.Release|x86.Build.0 = Release|Any CPU
		{485584AA-A5E2-4818-AF2C-B36FA5542698}.Debug|Any CPU.ActiveCfg = Debug|Any CPU
		{485584AA-A5E2-4818-AF2C-B36FA5542698}.Debug|Any CPU.Build.0 = Debug|Any CPU
		{485584AA-A5E2-4818-AF2C-B36FA5542698}.Debug|x64.ActiveCfg = Debug|Any CPU
		{485584AA-A5E2-4818-AF2C-B36FA5542698}.Debug|x64.Build.0 = Debug|Any CPU
		{485584AA-A5E2-4818-AF2C-B36FA5542698}.Debug|x86.ActiveCfg = Debug|Any CPU
		{485584AA-A5E2-4818-AF2C-B36FA5542698}.Debug|x86.Build.0 = Debug|Any CPU
		{485584AA-A5E2-4818-AF2C-B36FA5542698}.Release|Any CPU.ActiveCfg = Release|Any CPU
		{485584AA-A5E2-4818-AF2C-B36FA5542698}.Release|Any CPU.Build.0 = Release|Any CPU
		{485584AA-A5E2-4818-AF2C-B36FA5542698}.Release|x64.ActiveCfg = Release|Any CPU
		{485584AA-A5E2-4818-AF2C-B36FA5542698}.Release|x64.Build.0 = Release|Any CPU
		{485584AA-A5E2-4818-AF2C-B36FA5542698}.Release|x86.ActiveCfg = Release|Any CPU
		{485584AA-A5E2-4818-AF2C-B36FA5542698}.Release|x86.Build.0 = Release|Any CPU
		{F276DDD3-A4F9-4A2F-8A6C-AE01F192939C}.Debug|Any CPU.ActiveCfg = Debug|Any CPU
		{F276DDD3-A4F9-4A2F-8A6C-AE01F192939C}.Debug|Any CPU.Build.0 = Debug|Any CPU
		{F276DDD3-A4F9-4A2F-8A6C-AE01F192939C}.Debug|x64.ActiveCfg = Debug|Any CPU
		{F276DDD3-A4F9-4A2F-8A6C-AE01F192939C}.Debug|x64.Build.0 = Debug|Any CPU
		{F276DDD3-A4F9-4A2F-8A6C-AE01F192939C}.Debug|x86.ActiveCfg = Debug|Any CPU
		{F276DDD3-A4F9-4A2F-8A6C-AE01F192939C}.Debug|x86.Build.0 = Debug|Any CPU
		{F276DDD3-A4F9-4A2F-8A6C-AE01F192939C}.Release|Any CPU.ActiveCfg = Release|Any CPU
		{F276DDD3-A4F9-4A2F-8A6C-AE01F192939C}.Release|Any CPU.Build.0 = Release|Any CPU
		{F276DDD3-A4F9-4A2F-8A6C-AE01F192939C}.Release|x64.ActiveCfg = Release|Any CPU
		{F276DDD3-A4F9-4A2F-8A6C-AE01F192939C}.Release|x64.Build.0 = Release|Any CPU
		{F276DDD3-A4F9-4A2F-8A6C-AE01F192939C}.Release|x86.ActiveCfg = Release|Any CPU
		{F276DDD3-A4F9-4A2F-8A6C-AE01F192939C}.Release|x86.Build.0 = Release|Any CPU
		{35260126-1C09-47F8-92B6-96B373C42F39}.Debug|Any CPU.ActiveCfg = Debug|Any CPU
		{35260126-1C09-47F8-92B6-96B373C42F39}.Debug|Any CPU.Build.0 = Debug|Any CPU
		{35260126-1C09-47F8-92B6-96B373C42F39}.Debug|x64.ActiveCfg = Debug|Any CPU
		{35260126-1C09-47F8-92B6-96B373C42F39}.Debug|x64.Build.0 = Debug|Any CPU
		{35260126-1C09-47F8-92B6-96B373C42F39}.Debug|x86.ActiveCfg = Debug|Any CPU
		{35260126-1C09-47F8-92B6-96B373C42F39}.Debug|x86.Build.0 = Debug|Any CPU
		{35260126-1C09-47F8-92B6-96B373C42F39}.Release|Any CPU.ActiveCfg = Release|Any CPU
		{35260126-1C09-47F8-92B6-96B373C42F39}.Release|Any CPU.Build.0 = Release|Any CPU
		{35260126-1C09-47F8-92B6-96B373C42F39}.Release|x64.ActiveCfg = Release|Any CPU
		{35260126-1C09-47F8-92B6-96B373C42F39}.Release|x64.Build.0 = Release|Any CPU
		{35260126-1C09-47F8-92B6-96B373C42F39}.Release|x86.ActiveCfg = Release|Any CPU
		{35260126-1C09-47F8-92B6-96B373C42F39}.Release|x86.Build.0 = Release|Any CPU
	EndGlobalSection
	GlobalSection(SolutionProperties) = preSolution
		HideSolutionNode = FALSE
	EndGlobalSection
	GlobalSection(ExtensibilityGlobals) = postSolution
		SolutionGuid = {BAEE7E5E-A8BD-463B-92BC-3AF5273CE217}
	EndGlobalSection
EndGlobal
